
Microsoft Visual Studio Solution File, Format Version 12.00
# Visual Studio 15
VisualStudioVersion = 15.0.27130.2010
MinimumVisualStudioVersion = 10.0.40219.1
Project("{FAE04EC0-301F-11D3-BF4B-00C04F79EFBC}") = "Haasonline.Public.ExchangeDrivers.Tests", "Haasonline.Public.ExchangeDrivers.Tests\Haasonline.Public.ExchangeDrivers.Tests.csproj", "{928A2DD0-34C5-4CEA-94F8-2427F4978727}"
EndProject
Project("{FAE04EC0-301F-11D3-BF4B-00C04F79EFBC}") = "Haasonline.Public.ExchangeDrivers", "Haasonline.Public.ExchangeDrivers\Haasonline.Public.ExchangeDrivers.csproj", "{3C2DB2FF-0CD4-4AE1-A71D-DA5321BFA7BE}"
EndProject
Global
	GlobalSection(SolutionConfigurationPlatforms) = preSolution
		Debug|Any CPU = Debug|Any CPU
		Release|Any CPU = Release|Any CPU
	EndGlobalSection
	GlobalSection(ProjectConfigurationPlatforms) = postSolution
		{928A2DD0-34C5-4CEA-94F8-2427F4978727}.Debug|Any CPU.ActiveCfg = Debug|Any CPU
		{928A2DD0-34C5-4CEA-94F8-2427F4978727}.Debug|Any CPU.Build.0 = Debug|Any CPU
		{928A2DD0-34C5-4CEA-94F8-2427F4978727}.Release|Any CPU.ActiveCfg = Release|Any CPU
		{928A2DD0-34C5-4CEA-94F8-2427F4978727}.Release|Any CPU.Build.0 = Release|Any CPU
		{3C2DB2FF-0CD4-4AE1-A71D-DA5321BFA7BE}.Debug|Any CPU.ActiveCfg = Debug|Any CPU
		{3C2DB2FF-0CD4-4AE1-A71D-DA5321BFA7BE}.Debug|Any CPU.Build.0 = Debug|Any CPU
		{3C2DB2FF-0CD4-4AE1-A71D-DA5321BFA7BE}.Release|Any CPU.ActiveCfg = Release|Any CPU
		{3C2DB2FF-0CD4-4AE1-A71D-DA5321BFA7BE}.Release|Any CPU.Build.0 = Release|Any CPU
	EndGlobalSection
	GlobalSection(SolutionProperties) = preSolution
		HideSolutionNode = FALSE
	EndGlobalSection
	GlobalSection(ExtensibilityGlobals) = postSolution
		SolutionGuid = {8A051A4B-838E-4B54-A3B8-444EA0E8F71F}
	EndGlobalSection
EndGlobal
